
Microsoft Visual Studio Solution File, Format Version 12.00
# Visual Studio 2013
VisualStudioVersion = 12.0.40629.0
MinimumVisualStudioVersion = 10.0.40219.1
Project("{FAE04EC0-301F-11D3-BF4B-00C04F79EFBC}") = "RitoPls", "RitoPls\RitoPls.csproj", "{02B39CDE-9BD4-4007-991E-CCC085090DB1}"
EndProject
Project("{FAE04EC0-301F-11D3-BF4B-00C04F79EFBC}") = "testingGrounds", "testingGrounds\testingGrounds.csproj", "{E982E898-04C8-4F68-B825-AABFD6B53048}"
	ProjectSection(ProjectDependencies) = postProject
		{02B39CDE-9BD4-4007-991E-CCC085090DB1} = {02B39CDE-9BD4-4007-991E-CCC085090DB1}
	EndProjectSection
EndProject
Project("{FAE04EC0-301F-11D3-BF4B-00C04F79EFBC}") = "StatusTrackerUI", "StatusTrackerUI\StatusTrackerUI.csproj", "{B4540BE4-5614-46F2-B2F2-94EB85E3EA89}"
EndProject
Global
	GlobalSection(SolutionConfigurationPlatforms) = preSolution
		Debug|Any CPU = Debug|Any CPU
		Release|Any CPU = Release|Any CPU
	EndGlobalSection
	GlobalSection(ProjectConfigurationPlatforms) = postSolution
		{02B39CDE-9BD4-4007-991E-CCC085090DB1}.Debug|Any CPU.ActiveCfg = Debug|Any CPU
		{02B39CDE-9BD4-4007-991E-CCC085090DB1}.Debug|Any CPU.Build.0 = Debug|Any CPU
		{02B39CDE-9BD4-4007-991E-CCC085090DB1}.Release|Any CPU.ActiveCfg = Release|Any CPU
		{02B39CDE-9BD4-4007-991E-CCC085090DB1}.Release|Any CPU.Build.0 = Release|Any CPU
		{E982E898-04C8-4F68-B825-AABFD6B53048}.Debug|Any CPU.ActiveCfg = Debug|Any CPU
		{E982E898-04C8-4F68-B825-AABFD6B53048}.Debug|Any CPU.Build.0 = Debug|Any CPU
		{E982E898-04C8-4F68-B825-AABFD6B53048}.Release|Any CPU.ActiveCfg = Release|Any CPU
		{E982E898-04C8-4F68-B825-AABFD6B53048}.Release|Any CPU.Build.0 = Release|Any CPU
		{B4540BE4-5614-46F2-B2F2-94EB85E3EA89}.Debug|Any CPU.ActiveCfg = Debug|Any CPU
		{B4540BE4-5614-46F2-B2F2-94EB85E3EA89}.Debug|Any CPU.Build.0 = Debug|Any CPU
		{B4540BE4-5614-46F2-B2F2-94EB85E3EA89}.Release|Any CPU.ActiveCfg = Release|Any CPU
		{B4540BE4-5614-46F2-B2F2-94EB85E3EA89}.Release|Any CPU.Build.0 = Release|Any CPU
	EndGlobalSection
	GlobalSection(SolutionProperties) = preSolution
		HideSolutionNode = FALSE
	EndGlobalSection
EndGlobal
